
Microsoft Visual Studio Solution File, Format Version 12.00
# Visual Studio Version 16
VisualStudioVersion = 16.0.32413.511
MinimumVisualStudioVersion = 10.0.40219.1
Project("{FAE04EC0-301F-11D3-BF4B-00C04F79EFBC}") = "AsyncFileIOWinForm", "AsyncFileIOWinForm.csproj", "{05230076-6CFF-4C0C-A33E-880B83951A13}"
EndProject
Global
	GlobalSection(SolutionConfigurationPlatforms) = preSolution
		Debug|Any CPU = Debug|Any CPU
		Release|Any CPU = Release|Any CPU
	EndGlobalSection
	GlobalSection(ProjectConfigurationPlatforms) = postSolution
		{05230076-6CFF-4C0C-A33E-880B83951A13}.Debug|Any CPU.ActiveCfg = Debug|Any CPU
		{05230076-6CFF-4C0C-A33E-880B83951A13}.Debug|Any CPU.Build.0 = Debug|Any CPU
		{05230076-6CFF-4C0C-A33E-880B83951A13}.Release|Any CPU.ActiveCfg = Release|Any CPU
		{05230076-6CFF-4C0C-A33E-880B83951A13}.Release|Any CPU.Build.0 = Release|Any CPU
	EndGlobalSection
	GlobalSection(SolutionProperties) = preSolution
		HideSolutionNode = FALSE
	EndGlobalSection
	GlobalSection(ExtensibilityGlobals) = postSolution
		SolutionGuid = {E04BA4D6-DB51-43E9-BD3D-08BE627A2381}
	EndGlobalSection
EndGlobal
